
Microsoft Visual Studio Solution File, Format Version 12.00
# Visual Studio 2012
Project("{FAE04EC0-301F-11D3-BF4B-00C04F79EFBC}") = "Eulei.Map", "Eulei.Map\Eulei.Map.csproj", "{6BF4CA24-965C-4DB6-9D4D-40BB0A3A2D3F}"
EndProject
Project("{FAE04EC0-301F-11D3-BF4B-00C04F79EFBC}") = "DBTask", "DBTask\DBTask.csproj", "{35B7E815-3C6D-45D5-BE9D-A784A5B62B7D}"
EndProject
Project("{FAE04EC0-301F-11D3-BF4B-00C04F79EFBC}") = "TaskInterface", "TaskInterface\TaskInterface.csproj", "{C2DCB36E-78E3-46F5-9B7A-868BD3F09A2A}"
EndProject
Project("{FAE04EC0-301F-11D3-BF4B-00C04F79EFBC}") = "Eulei.Log", "Eulei.Log\Eulei.Log.csproj", "{F6C8A5E4-5F23-4B78-8879-F191FEFBBCA9}"
EndProject
Project("{FAE04EC0-301F-11D3-BF4B-00C04F79EFBC}") = "Eulei.Security.DES", "Eulei.Security.DES\Eulei.Security.DES.csproj", "{850BB5BF-33BB-4293-9A97-81B3AC9B91B8}"
EndProject
Project("{FAE04EC0-301F-11D3-BF4B-00C04F79EFBC}") = "Eulei.MemperShip", "Eulei.MemperShip\Eulei.MemperShip.csproj", "{92361FFD-136F-45CB-A83B-622FF98BA147}"
EndProject
Project("{FAE04EC0-301F-11D3-BF4B-00C04F79EFBC}") = "Eulei.IMemberShip", "Eulei.IMemperShip\Eulei.IMemberShip.csproj", "{9FD7A127-85C7-4FFF-B38B-16212B77426F}"
EndProject
Project("{FAE04EC0-301F-11D3-BF4B-00C04F79EFBC}") = "Eulei.Serialization", "Eulei.Xml\Eulei.Serialization.csproj", "{0D9E3C9B-E698-4871-B734-062341B421FA}"
EndProject
Project("{FAE04EC0-301F-11D3-BF4B-00C04F79EFBC}") = "Eulei.Linq", "Eulei.Linq\Eulei.Linq.csproj", "{1DB3A55A-16FD-43D2-A861-F98755ED19F5}"
EndProject
Project("{FAE04EC0-301F-11D3-BF4B-00C04F79EFBC}") = "Eulei.Web.Serialization", "Eulei.Web.Serialization\Eulei.Web.Serialization.csproj", "{08A77141-80A5-4E63-8A0C-670E09E4EB48}"
EndProject
Project("{FAE04EC0-301F-11D3-BF4B-00C04F79EFBC}") = "ResetPassWord", "ResetPassWord\ResetPassWord.csproj", "{254E48E5-10F0-4ABC-AE29-F69B7636539F}"
EndProject
Project("{FAE04EC0-301F-11D3-BF4B-00C04F79EFBC}") = "Eulei.Control", "Eulei.Control\Eulei.Control.csproj", "{41C6A6CA-26A1-4E62-A2E5-FC56F26D8817}"
EndProject
Project("{FAE04EC0-301F-11D3-BF4B-00C04F79EFBC}") = "Eulei.ControlLimit", "Eulei.ControlLimit\Eulei.ControlLimit.csproj", "{56990134-5522-4516-9FB8-00F93AAB22C8}"
EndProject
Project("{FAE04EC0-301F-11D3-BF4B-00C04F79EFBC}") = "Eulei.IControl", "Eulei.IControl\Eulei.IControl.csproj", "{D0D2EED4-F873-4790-994D-A1A2D74A5AB2}"
EndProject
Global
	GlobalSection(SolutionConfigurationPlatforms) = preSolution
		CD_ROM|Any CPU = CD_ROM|Any CPU
		CD_ROM|Mixed Platforms = CD_ROM|Mixed Platforms
		CD_ROM|x86 = CD_ROM|x86
		Debug|Any CPU = Debug|Any CPU
		Debug|Mixed Platforms = Debug|Mixed Platforms
		Debug|x86 = Debug|x86
		DVD-5|Any CPU = DVD-5|Any CPU
		DVD-5|Mixed Platforms = DVD-5|Mixed Platforms
		DVD-5|x86 = DVD-5|x86
		Release|Any CPU = Release|Any CPU
		Release|Mixed Platforms = Release|Mixed Platforms
		Release|x86 = Release|x86
		SingleImage|Any CPU = SingleImage|Any CPU
		SingleImage|Mixed Platforms = SingleImage|Mixed Platforms
		SingleImage|x86 = SingleImage|x86
	EndGlobalSection
	GlobalSection(ProjectConfigurationPlatforms) = postSolution
		{6BF4CA24-965C-4DB6-9D4D-40BB0A3A2D3F}.CD_ROM|Any CPU.ActiveCfg = Release|Any CPU
		{6BF4CA24-965C-4DB6-9D4D-40BB0A3A2D3F}.CD_ROM|Any CPU.Build.0 = Release|Any CPU
		{6BF4CA24-965C-4DB6-9D4D-40BB0A3A2D3F}.CD_ROM|Mixed Platforms.ActiveCfg = Release|x86
		{6BF4CA24-965C-4DB6-9D4D-40BB0A3A2D3F}.CD_ROM|Mixed Platforms.Build.0 = Release|x86
		{6BF4CA24-965C-4DB6-9D4D-40BB0A3A2D3F}.CD_ROM|x86.ActiveCfg = Release|x86
		{6BF4CA24-965C-4DB6-9D4D-40BB0A3A2D3F}.CD_ROM|x86.Build.0 = Release|x86
		{6BF4CA24-965C-4DB6-9D4D-40BB0A3A2D3F}.Debug|Any CPU.ActiveCfg = Debug|Any CPU
		{6BF4CA24-965C-4DB6-9D4D-40BB0A3A2D3F}.Debug|Any CPU.Build.0 = Debug|Any CPU
		{6BF4CA24-965C-4DB6-9D4D-40BB0A3A2D3F}.Debug|Mixed Platforms.ActiveCfg = Debug|x86
		{6BF4CA24-965C-4DB6-9D4D-40BB0A3A2D3F}.Debug|Mixed Platforms.Build.0 = Debug|x86
		{6BF4CA24-965C-4DB6-9D4D-40BB0A3A2D3F}.Debug|x86.ActiveCfg = Debug|x86
		{6BF4CA24-965C-4DB6-9D4D-40BB0A3A2D3F}.Debug|x86.Build.0 = Debug|x86
		{6BF4CA24-965C-4DB6-9D4D-40BB0A3A2D3F}.DVD-5|Any CPU.ActiveCfg = Debug|Any CPU
		{6BF4CA24-965C-4DB6-9D4D-40BB0A3A2D3F}.DVD-5|Any CPU.Build.0 = Debug|Any CPU
		{6BF4CA24-965C-4DB6-9D4D-40BB0A3A2D3F}.DVD-5|Mixed Platforms.ActiveCfg = Debug|x86
		{6BF4CA24-965C-4DB6-9D4D-40BB0A3A2D3F}.DVD-5|Mixed Platforms.Build.0 = Debug|x86
		{6BF4CA24-965C-4DB6-9D4D-40BB0A3A2D3F}.DVD-5|x86.ActiveCfg = Debug|x86
		{6BF4CA24-965C-4DB6-9D4D-40BB0A3A2D3F}.DVD-5|x86.Build.0 = Debug|x86
		{6BF4CA24-965C-4DB6-9D4D-40BB0A3A2D3F}.Release|Any CPU.ActiveCfg = Release|Any CPU
		{6BF4CA24-965C-4DB6-9D4D-40BB0A3A2D3F}.Release|Any CPU.Build.0 = Release|Any CPU
		{6BF4CA24-965C-4DB6-9D4D-40BB0A3A2D3F}.Release|Mixed Platforms.ActiveCfg = Release|x86
		{6BF4CA24-965C-4DB6-9D4D-40BB0A3A2D3F}.Release|Mixed Platforms.Build.0 = Release|x86
		{6BF4CA24-965C-4DB6-9D4D-40BB0A3A2D3F}.Release|x86.ActiveCfg = Release|x86
		{6BF4CA24-965C-4DB6-9D4D-40BB0A3A2D3F}.Release|x86.Build.0 = Release|x86
		{6BF4CA24-965C-4DB6-9D4D-40BB0A3A2D3F}.SingleImage|Any CPU.ActiveCfg = Release|Any CPU
		{6BF4CA24-965C-4DB6-9D4D-40BB0A3A2D3F}.SingleImage|Any CPU.Build.0 = Release|Any CPU
		{6BF4CA24-965C-4DB6-9D4D-40BB0A3A2D3F}.SingleImage|Mixed Platforms.ActiveCfg = Release|x86
		{6BF4CA24-965C-4DB6-9D4D-40BB0A3A2D3F}.SingleImage|Mixed Platforms.Build.0 = Release|x86
		{6BF4CA24-965C-4DB6-9D4D-40BB0A3A2D3F}.SingleImage|x86.ActiveCfg = Release|x86
		{6BF4CA24-965C-4DB6-9D4D-40BB0A3A2D3F}.SingleImage|x86.Build.0 = Release|x86
		{35B7E815-3C6D-45D5-BE9D-A784A5B62B7D}.CD_ROM|Any CPU.ActiveCfg = Release|Any CPU
		{35B7E815-3C6D-45D5-BE9D-A784A5B62B7D}.CD_ROM|Any CPU.Build.0 = Release|Any CPU
		{35B7E815-3C6D-45D5-BE9D-A784A5B62B7D}.CD_ROM|Mixed Platforms.ActiveCfg = Release|Any CPU
		{35B7E815-3C6D-45D5-BE9D-A784A5B62B7D}.CD_ROM|Mixed Platforms.Build.0 = Release|Any CPU
		{35B7E815-3C6D-45D5-BE9D-A784A5B62B7D}.CD_ROM|x86.ActiveCfg = Release|Any CPU
		{35B7E815-3C6D-45D5-BE9D-A784A5B62B7D}.Debug|Any CPU.ActiveCfg = Debug|Any CPU
		{35B7E815-3C6D-45D5-BE9D-A784A5B62B7D}.Debug|Any CPU.Build.0 = Debug|Any CPU
		{35B7E815-3C6D-45D5-BE9D-A784A5B62B7D}.Debug|Mixed Platforms.ActiveCfg = Debug|Any CPU
		{35B7E815-3C6D-45D5-BE9D-A784A5B62B7D}.Debug|Mixed Platforms.Build.0 = Debug|Any CPU
		{35B7E815-3C6D-45D5-BE9D-A784A5B62B7D}.Debug|x86.ActiveCfg = Debug|Any CPU
		{35B7E815-3C6D-45D5-BE9D-A784A5B62B7D}.DVD-5|Any CPU.ActiveCfg = Debug|Any CPU
		{35B7E815-3C6D-45D5-BE9D-A784A5B62B7D}.DVD-5|Any CPU.Build.0 = Debug|Any CPU
		{35B7E815-3C6D-45D5-BE9D-A784A5B62B7D}.DVD-5|Mixed Platforms.ActiveCfg = Debug|Any CPU
		{35B7E815-3C6D-45D5-BE9D-A784A5B62B7D}.DVD-5|Mixed Platforms.Build.0 = Debug|Any CPU
		{35B7E815-3C6D-45D5-BE9D-A784A5B62B7D}.DVD-5|x86.ActiveCfg = Debug|Any CPU
		{35B7E815-3C6D-45D5-BE9D-A784A5B62B7D}.Release|Any CPU.ActiveCfg = Release|Any CPU
		{35B7E815-3C6D-45D5-BE9D-A784A5B62B7D}.Release|Any CPU.Build.0 = Release|Any CPU
		{35B7E815-3C6D-45D5-BE9D-A784A5B62B7D}.Release|Mixed Platforms.ActiveCfg = Release|Any CPU
		{35B7E815-3C6D-45D5-BE9D-A784A5B62B7D}.Release|Mixed Platforms.Build.0 = Release|Any CPU
		{35B7E815-3C6D-45D5-BE9D-A784A5B62B7D}.Release|x86.ActiveCfg = Release|Any CPU
		{35B7E815-3C6D-45D5-BE9D-A784A5B62B7D}.Release|x86.Build.0 = Release|Any CPU
		{35B7E815-3C6D-45D5-BE9D-A784A5B62B7D}.SingleImage|Any CPU.ActiveCfg = Release|Any CPU
		{35B7E815-3C6D-45D5-BE9D-A784A5B62B7D}.SingleImage|Any CPU.Build.0 = Release|Any CPU
		{35B7E815-3C6D-45D5-BE9D-A784A5B62B7D}.SingleImage|Mixed Platforms.ActiveCfg = Release|Any CPU
		{35B7E815-3C6D-45D5-BE9D-A784A5B62B7D}.SingleImage|Mixed Platforms.Build.0 = Release|Any CPU
		{35B7E815-3C6D-45D5-BE9D-A784A5B62B7D}.SingleImage|x86.ActiveCfg = Release|Any CPU
		{C2DCB36E-78E3-46F5-9B7A-868BD3F09A2A}.CD_ROM|Any CPU.ActiveCfg = Release|Any CPU
		{C2DCB36E-78E3-46F5-9B7A-868BD3F09A2A}.CD_ROM|Any CPU.Build.0 = Release|Any CPU
		{C2DCB36E-78E3-46F5-9B7A-868BD3F09A2A}.CD_ROM|Mixed Platforms.ActiveCfg = Release|Any CPU
		{C2DCB36E-78E3-46F5-9B7A-868BD3F09A2A}.CD_ROM|Mixed Platforms.Build.0 = Release|Any CPU
		{C2DCB36E-78E3-46F5-9B7A-868BD3F09A2A}.CD_ROM|x86.ActiveCfg = Release|Any CPU
		{C2DCB36E-78E3-46F5-9B7A-868BD3F09A2A}.Debug|Any CPU.ActiveCfg = Debug|Any CPU
		{C2DCB36E-78E3-46F5-9B7A-868BD3F09A2A}.Debug|Any CPU.Build.0 = Debug|Any CPU
		{C2DCB36E-78E3-46F5-9B7A-868BD3F09A2A}.Debug|Mixed Platforms.ActiveCfg = Debug|Any CPU
		{C2DCB36E-78E3-46F5-9B7A-868BD3F09A2A}.Debug|Mixed Platforms.Build.0 = Debug|Any CPU
		{C2DCB36E-78E3-46F5-9B7A-868BD3F09A2A}.Debug|x86.ActiveCfg = Debug|Any CPU
		{C2DCB36E-78E3-46F5-9B7A-868BD3F09A2A}.DVD-5|Any CPU.ActiveCfg = Debug|Any CPU
		{C2DCB36E-78E3-46F5-9B7A-868BD3F09A2A}.DVD-5|Any CPU.Build.0 = Debug|Any CPU
		{C2DCB36E-78E3-46F5-9B7A-868BD3F09A2A}.DVD-5|Mixed Platforms.ActiveCfg = Debug|Any CPU
		{C2DCB36E-78E3-46F5-9B7A-868BD3F09A2A}.DVD-5|Mixed Platforms.Build.0 = Debug|Any CPU
		{C2DCB36E-78E3-46F5-9B7A-868BD3F09A2A}.DVD-5|x86.ActiveCfg = Debug|Any CPU
		{C2DCB36E-78E3-46F5-9B7A-868BD3F09A2A}.Release|Any CPU.ActiveCfg = Release|Any CPU
		{C2DCB36E-78E3-46F5-9B7A-868BD3F09A2A}.Release|Any CPU.Build.0 = Release|Any CPU
		{C2DCB36E-78E3-46F5-9B7A-868BD3F09A2A}.Release|Mixed Platforms.ActiveCfg = Release|Any CPU
		{C2DCB36E-78E3-46F5-9B7A-868BD3F09A2A}.Release|Mixed Platforms.Build.0 = Release|Any CPU
		{C2DCB36E-78E3-46F5-9B7A-868BD3F09A2A}.Release|x86.ActiveCfg = Release|Any CPU
		{C2DCB36E-78E3-46F5-9B7A-868BD3F09A2A}.Release|x86.Build.0 = Release|Any CPU
		{C2DCB36E-78E3-46F5-9B7A-868BD3F09A2A}.SingleImage|Any CPU.ActiveCfg = Release|Any CPU
		{C2DCB36E-78E3-46F5-9B7A-868BD3F09A2A}.SingleImage|Any CPU.Build.0 = Release|Any CPU
		{C2DCB36E-78E3-46F5-9B7A-868BD3F09A2A}.SingleImage|Mixed Platforms.ActiveCfg = Release|Any CPU
		{C2DCB36E-78E3-46F5-9B7A-868BD3F09A2A}.SingleImage|Mixed Platforms.Build.0 = Release|Any CPU
		{C2DCB36E-78E3-46F5-9B7A-868BD3F09A2A}.SingleImage|x86.ActiveCfg = Release|Any CPU
		{F6C8A5E4-5F23-4B78-8879-F191FEFBBCA9}.CD_ROM|Any CPU.ActiveCfg = Release|Any CPU
		{F6C8A5E4-5F23-4B78-8879-F191FEFBBCA9}.CD_ROM|Any CPU.Build.0 = Release|Any CPU
		{F6C8A5E4-5F23-4B78-8879-F191FEFBBCA9}.CD_ROM|Mixed Platforms.ActiveCfg = Release|Any CPU
		{F6C8A5E4-5F23-4B78-8879-F191FEFBBCA9}.CD_ROM|Mixed Platforms.Build.0 = Release|Any CPU
		{F6C8A5E4-5F23-4B78-8879-F191FEFBBCA9}.CD_ROM|x86.ActiveCfg = Release|Any CPU
		{F6C8A5E4-5F23-4B78-8879-F191FEFBBCA9}.Debug|Any CPU.ActiveCfg = Debug|Any CPU
		{F6C8A5E4-5F23-4B78-8879-F191FEFBBCA9}.Debug|Any CPU.Build.0 = Debug|Any CPU
		{F6C8A5E4-5F23-4B78-8879-F191FEFBBCA9}.Debug|Mixed Platforms.ActiveCfg = Debug|Any CPU
		{F6C8A5E4-5F23-4B78-8879-F191FEFBBCA9}.Debug|Mixed Platforms.Build.0 = Debug|Any CPU
		{F6C8A5E4-5F23-4B78-8879-F191FEFBBCA9}.Debug|x86.ActiveCfg = Debug|Any CPU
		{F6C8A5E4-5F23-4B78-8879-F191FEFBBCA9}.DVD-5|Any CPU.ActiveCfg = Debug|Any CPU
		{F6C8A5E4-5F23-4B78-8879-F191FEFBBCA9}.DVD-5|Any CPU.Build.0 = Debug|Any CPU
		{F6C8A5E4-5F23-4B78-8879-F191FEFBBCA9}.DVD-5|Mixed Platforms.ActiveCfg = Debug|Any CPU
		{F6C8A5E4-5F23-4B78-8879-F191FEFBBCA9}.DVD-5|Mixed Platforms.Build.0 = Debug|Any CPU
		{F6C8A5E4-5F23-4B78-8879-F191FEFBBCA9}.DVD-5|x86.ActiveCfg = Debug|Any CPU
		{F6C8A5E4-5F23-4B78-8879-F191FEFBBCA9}.Release|Any CPU.ActiveCfg = Release|Any CPU
		{F6C8A5E4-5F23-4B78-8879-F191FEFBBCA9}.Release|Any CPU.Build.0 = Release|Any CPU
		{F6C8A5E4-5F23-4B78-8879-F191FEFBBCA9}.Release|Mixed Platforms.ActiveCfg = Release|Any CPU
		{F6C8A5E4-5F23-4B78-8879-F191FEFBBCA9}.Release|Mixed Platforms.Build.0 = Release|Any CPU
		{F6C8A5E4-5F23-4B78-8879-F191FEFBBCA9}.Release|x86.ActiveCfg = Release|Any CPU
		{F6C8A5E4-5F23-4B78-8879-F191FEFBBCA9}.Release|x86.Build.0 = Release|Any CPU
		{F6C8A5E4-5F23-4B78-8879-F191FEFBBCA9}.SingleImage|Any CPU.ActiveCfg = Release|Any CPU
		{F6C8A5E4-5F23-4B78-8879-F191FEFBBCA9}.SingleImage|Any CPU.Build.0 = Release|Any CPU
		{F6C8A5E4-5F23-4B78-8879-F191FEFBBCA9}.SingleImage|Mixed Platforms.ActiveCfg = Release|Any CPU
		{F6C8A5E4-5F23-4B78-8879-F191FEFBBCA9}.SingleImage|Mixed Platforms.Build.0 = Release|Any CPU
		{F6C8A5E4-5F23-4B78-8879-F191FEFBBCA9}.SingleImage|x86.ActiveCfg = Release|Any CPU
		{850BB5BF-33BB-4293-9A97-81B3AC9B91B8}.CD_ROM|Any CPU.ActiveCfg = Release|Any CPU
		{850BB5BF-33BB-4293-9A97-81B3AC9B91B8}.CD_ROM|Any CPU.Build.0 = Release|Any CPU
		{850BB5BF-33BB-4293-9A97-81B3AC9B91B8}.CD_ROM|Mixed Platforms.ActiveCfg = Release|Any CPU
		{850BB5BF-33BB-4293-9A97-81B3AC9B91B8}.CD_ROM|Mixed Platforms.Build.0 = Release|Any CPU
		{850BB5BF-33BB-4293-9A97-81B3AC9B91B8}.CD_ROM|x86.ActiveCfg = Release|Any CPU
		{850BB5BF-33BB-4293-9A97-81B3AC9B91B8}.Debug|Any CPU.ActiveCfg = Debug|Any CPU
		{850BB5BF-33BB-4293-9A97-81B3AC9B91B8}.Debug|Any CPU.Build.0 = Debug|Any CPU
		{850BB5BF-33BB-4293-9A97-81B3AC9B91B8}.Debug|Mixed Platforms.ActiveCfg = Debug|Any CPU
		{850BB5BF-33BB-4293-9A97-81B3AC9B91B8}.Debug|Mixed Platforms.Build.0 = Debug|Any CPU
		{850BB5BF-33BB-4293-9A97-81B3AC9B91B8}.Debug|x86.ActiveCfg = Debug|Any CPU
		{850BB5BF-33BB-4293-9A97-81B3AC9B91B8}.DVD-5|Any CPU.ActiveCfg = Debug|Any CPU
		{850BB5BF-33BB-4293-9A97-81B3AC9B91B8}.DVD-5|Any CPU.Build.0 = Debug|Any CPU
		{850BB5BF-33BB-4293-9A97-81B3AC9B91B8}.DVD-5|Mixed Platforms.ActiveCfg = Debug|Any CPU
		{850BB5BF-33BB-4293-9A97-81B3AC9B91B8}.DVD-5|Mixed Platforms.Build.0 = Debug|Any CPU
		{850BB5BF-33BB-4293-9A97-81B3AC9B91B8}.DVD-5|x86.ActiveCfg = Debug|Any CPU
		{850BB5BF-33BB-4293-9A97-81B3AC9B91B8}.Release|Any CPU.ActiveCfg = Release|Any CPU
		{850BB5BF-33BB-4293-9A97-81B3AC9B91B8}.Release|Any CPU.Build.0 = Release|Any CPU
		{850BB5BF-33BB-4293-9A97-81B3AC9B91B8}.Release|Mixed Platforms.ActiveCfg = Release|Any CPU
		{850BB5BF-33BB-4293-9A97-81B3AC9B91B8}.Release|Mixed Platforms.Build.0 = Release|Any CPU
		{850BB5BF-33BB-4293-9A97-81B3AC9B91B8}.Release|x86.ActiveCfg = Release|Any CPU
		{850BB5BF-33BB-4293-9A97-81B3AC9B91B8}.Release|x86.Build.0 = Release|Any CPU
		{850BB5BF-33BB-4293-9A97-81B3AC9B91B8}.SingleImage|Any CPU.ActiveCfg = Release|Any CPU
		{850BB5BF-33BB-4293-9A97-81B3AC9B91B8}.SingleImage|Any CPU.Build.0 = Release|Any CPU
		{850BB5BF-33BB-4293-9A97-81B3AC9B91B8}.SingleImage|Mixed Platforms.ActiveCfg = Release|Any CPU
		{850BB5BF-33BB-4293-9A97-81B3AC9B91B8}.SingleImage|Mixed Platforms.Build.0 = Release|Any CPU
		{850BB5BF-33BB-4293-9A97-81B3AC9B91B8}.SingleImage|x86.ActiveCfg = Release|Any CPU
		{92361FFD-136F-45CB-A83B-622FF98BA147}.CD_ROM|Any CPU.ActiveCfg = Release|Any CPU
		{92361FFD-136F-45CB-A83B-622FF98BA147}.CD_ROM|Any CPU.Build.0 = Release|Any CPU
		{92361FFD-136F-45CB-A83B-622FF98BA147}.CD_ROM|Mixed Platforms.ActiveCfg = Release|Any CPU
		{92361FFD-136F-45CB-A83B-622FF98BA147}.CD_ROM|Mixed Platforms.Build.0 = Release|Any CPU
		{92361FFD-136F-45CB-A83B-622FF98BA147}.CD_ROM|x86.ActiveCfg = Release|Any CPU
		{92361FFD-136F-45CB-A83B-622FF98BA147}.Debug|Any CPU.ActiveCfg = Debug|Any CPU
		{92361FFD-136F-45CB-A83B-622FF98BA147}.Debug|Any CPU.Build.0 = Debug|Any CPU
		{92361FFD-136F-45CB-A83B-622FF98BA147}.Debug|Mixed Platforms.ActiveCfg = Debug|Any CPU
		{92361FFD-136F-45CB-A83B-622FF98BA147}.Debug|Mixed Platforms.Build.0 = Debug|Any CPU
		{92361FFD-136F-45CB-A83B-622FF98BA147}.Debug|x86.ActiveCfg = Debug|Any CPU
		{92361FFD-136F-45CB-A83B-622FF98BA147}.DVD-5|Any CPU.ActiveCfg = Debug|Any CPU
		{92361FFD-136F-45CB-A83B-622FF98BA147}.DVD-5|Any CPU.Build.0 = Debug|Any CPU
		{92361FFD-136F-45CB-A83B-622FF98BA147}.DVD-5|Mixed Platforms.ActiveCfg = Debug|Any CPU
		{92361FFD-136F-45CB-A83B-622FF98BA147}.DVD-5|Mixed Platforms.Build.0 = Debug|Any CPU
		{92361FFD-136F-45CB-A83B-622FF98BA147}.DVD-5|x86.ActiveCfg = Debug|Any CPU
		{92361FFD-136F-45CB-A83B-622FF98BA147}.Release|Any CPU.ActiveCfg = Release|Any CPU
		{92361FFD-136F-45CB-A83B-622FF98BA147}.Release|Any CPU.Build.0 = Release|Any CPU
		{92361FFD-136F-45CB-A83B-622FF98BA147}.Release|Mixed Platforms.ActiveCfg = Release|Any CPU
		{92361FFD-136F-45CB-A83B-622FF98BA147}.Release|Mixed Platforms.Build.0 = Release|Any CPU
		{92361FFD-136F-45CB-A83B-622FF98BA147}.Release|x86.ActiveCfg = Release|Any CPU
		{92361FFD-136F-45CB-A83B-622FF98BA147}.Release|x86.Build.0 = Release|Any CPU
		{92361FFD-136F-45CB-A83B-622FF98BA147}.SingleImage|Any CPU.ActiveCfg = Release|Any CPU
		{92361FFD-136F-45CB-A83B-622FF98BA147}.SingleImage|Any CPU.Build.0 = Release|Any CPU
		{92361FFD-136F-45CB-A83B-622FF98BA147}.SingleImage|Mixed Platforms.ActiveCfg = Release|Any CPU
		{92361FFD-136F-45CB-A83B-622FF98BA147}.SingleImage|Mixed Platforms.Build.0 = Release|Any CPU
		{92361FFD-136F-45CB-A83B-622FF98BA147}.SingleImage|x86.ActiveCfg = Release|Any CPU
		{9FD7A127-85C7-4FFF-B38B-16212B77426F}.CD_ROM|Any CPU.ActiveCfg = Release|Any CPU
		{9FD7A127-85C7-4FFF-B38B-16212B77426F}.CD_ROM|Any CPU.Build.0 = Release|Any CPU
		{9FD7A127-85C7-4FFF-B38B-16212B77426F}.CD_ROM|Mixed Platforms.ActiveCfg = Release|Any CPU
		{9FD7A127-85C7-4FFF-B38B-16212B77426F}.CD_ROM|Mixed Platforms.Build.0 = Release|Any CPU
		{9FD7A127-85C7-4FFF-B38B-16212B77426F}.CD_ROM|x86.ActiveCfg = Release|Any CPU
		{9FD7A127-85C7-4FFF-B38B-16212B77426F}.Debug|Any CPU.ActiveCfg = Debug|Any CPU
		{9FD7A127-85C7-4FFF-B38B-16212B77426F}.Debug|Any CPU.Build.0 = Debug|Any CPU
		{9FD7A127-85C7-4FFF-B38B-16212B77426F}.Debug|Mixed Platforms.ActiveCfg = Debug|Any CPU
		{9FD7A127-85C7-4FFF-B38B-16212B77426F}.Debug|Mixed Platforms.Build.0 = Debug|Any CPU
		{9FD7A127-85C7-4FFF-B38B-16212B77426F}.Debug|x86.ActiveCfg = Debug|Any CPU
		{9FD7A127-85C7-4FFF-B38B-16212B77426F}.DVD-5|Any CPU.ActiveCfg = Debug|Any CPU
		{9FD7A127-85C7-4FFF-B38B-16212B77426F}.DVD-5|Any CPU.Build.0 = Debug|Any CPU
		{9FD7A127-85C7-4FFF-B38B-16212B77426F}.DVD-5|Mixed Platforms.ActiveCfg = Debug|Any CPU
		{9FD7A127-85C7-4FFF-B38B-16212B77426F}.DVD-5|Mixed Platforms.Build.0 = Debug|Any CPU
		{9FD7A127-85C7-4FFF-B38B-16212B77426F}.DVD-5|x86.ActiveCfg = Debug|Any CPU
		{9FD7A127-85C7-4FFF-B38B-16212B77426F}.Release|Any CPU.ActiveCfg = Release|Any CPU
		{9FD7A127-85C7-4FFF-B38B-16212B77426F}.Release|Any CPU.Build.0 = Release|Any CPU
		{9FD7A127-85C7-4FFF-B38B-16212B77426F}.Release|Mixed Platforms.ActiveCfg = Release|Any CPU
		{9FD7A127-85C7-4FFF-B38B-16212B77426F}.Release|Mixed Platforms.Build.0 = Release|Any CPU
		{9FD7A127-85C7-4FFF-B38B-16212B77426F}.Release|x86.ActiveCfg = Release|Any CPU
		{9FD7A127-85C7-4FFF-B38B-16212B77426F}.Release|x86.Build.0 = Release|Any CPU
		{9FD7A127-85C7-4FFF-B38B-16212B77426F}.SingleImage|Any CPU.ActiveCfg = Release|Any CPU
		{9FD7A127-85C7-4FFF-B38B-16212B77426F}.SingleImage|Any CPU.Build.0 = Release|Any CPU
		{9FD7A127-85C7-4FFF-B38B-16212B77426F}.SingleImage|Mixed Platforms.ActiveCfg = Release|Any CPU
		{9FD7A127-85C7-4FFF-B38B-16212B77426F}.SingleImage|Mixed Platforms.Build.0 = Release|Any CPU
		{9FD7A127-85C7-4FFF-B38B-16212B77426F}.SingleImage|x86.ActiveCfg = Release|Any CPU
		{0D9E3C9B-E698-4871-B734-062341B421FA}.CD_ROM|Any CPU.ActiveCfg = Release|Any CPU
		{0D9E3C9B-E698-4871-B734-062341B421FA}.CD_ROM|Any CPU.Build.0 = Release|Any CPU
		{0D9E3C9B-E698-4871-B734-062341B421FA}.CD_ROM|Mixed Platforms.ActiveCfg = Release|Any CPU
		{0D9E3C9B-E698-4871-B734-062341B421FA}.CD_ROM|Mixed Platforms.Build.0 = Release|Any CPU
		{0D9E3C9B-E698-4871-B734-062341B421FA}.CD_ROM|x86.ActiveCfg = Release|Any CPU
		{0D9E3C9B-E698-4871-B734-062341B421FA}.Debug|Any CPU.ActiveCfg = Debug|Any CPU
		{0D9E3C9B-E698-4871-B734-062341B421FA}.Debug|Any CPU.Build.0 = Debug|Any CPU
		{0D9E3C9B-E698-4871-B734-062341B421FA}.Debug|Mixed Platforms.ActiveCfg = Debug|Any CPU
		{0D9E3C9B-E698-4871-B734-062341B421FA}.Debug|Mixed Platforms.Build.0 = Debug|Any CPU
		{0D9E3C9B-E698-4871-B734-062341B421FA}.Debug|x86.ActiveCfg = Debug|Any CPU
		{0D9E3C9B-E698-4871-B734-062341B421FA}.DVD-5|Any CPU.ActiveCfg = Debug|Any CPU
		{0D9E3C9B-E698-4871-B734-062341B421FA}.DVD-5|Any CPU.Build.0 = Debug|Any CPU
		{0D9E3C9B-E698-4871-B734-062341B421FA}.DVD-5|Mixed Platforms.ActiveCfg = Debug|Any CPU
		{0D9E3C9B-E698-4871-B734-062341B421FA}.DVD-5|Mixed Platforms.Build.0 = Debug|Any CPU
		{0D9E3C9B-E698-4871-B734-062341B421FA}.DVD-5|x86.ActiveCfg = Debug|Any CPU
		{0D9E3C9B-E698-4871-B734-062341B421FA}.Release|Any CPU.ActiveCfg = Release|Any CPU
		{0D9E3C9B-E698-4871-B734-062341B421FA}.Release|Any CPU.Build.0 = Release|Any CPU
		{0D9E3C9B-E698-4871-B734-062341B421FA}.Release|Mixed Platforms.ActiveCfg = Release|Any CPU
		{0D9E3C9B-E698-4871-B734-062341B421FA}.Release|Mixed Platforms.Build.0 = Release|Any CPU
		{0D9E3C9B-E698-4871-B734-062341B421FA}.Release|x86.ActiveCfg = Release|Any CPU
		{0D9E3C9B-E698-4871-B734-062341B421FA}.Release|x86.Build.0 = Release|Any CPU
		{0D9E3C9B-E698-4871-B734-062341B421FA}.SingleImage|Any CPU.ActiveCfg = Release|Any CPU
		{0D9E3C9B-E698-4871-B734-062341B421FA}.SingleImage|Any CPU.Build.0 = Release|Any CPU
		{0D9E3C9B-E698-4871-B734-062341B421FA}.SingleImage|Mixed Platforms.ActiveCfg = Release|Any CPU
		{0D9E3C9B-E698-4871-B734-062341B421FA}.SingleImage|Mixed Platforms.Build.0 = Release|Any CPU
		{0D9E3C9B-E698-4871-B734-062341B421FA}.SingleImage|x86.ActiveCfg = Release|Any CPU
		{1DB3A55A-16FD-43D2-A861-F98755ED19F5}.CD_ROM|Any CPU.ActiveCfg = Release|Any CPU
		{1DB3A55A-16FD-43D2-A861-F98755ED19F5}.CD_ROM|Any CPU.Build.0 = Release|Any CPU
		{1DB3A55A-16FD-43D2-A861-F98755ED19F5}.CD_ROM|Mixed Platforms.ActiveCfg = Release|Any CPU
		{1DB3A55A-16FD-43D2-A861-F98755ED19F5}.CD_ROM|Mixed Platforms.Build.0 = Release|Any CPU
		{1DB3A55A-16FD-43D2-A861-F98755ED19F5}.CD_ROM|x86.ActiveCfg = Release|Any CPU
		{1DB3A55A-16FD-43D2-A861-F98755ED19F5}.Debug|Any CPU.ActiveCfg = Debug|Any CPU
		{1DB3A55A-16FD-43D2-A861-F98755ED19F5}.Debug|Any CPU.Build.0 = Debug|Any CPU
		{1DB3A55A-16FD-43D2-A861-F98755ED19F5}.Debug|Mixed Platforms.ActiveCfg = Debug|Any CPU
		{1DB3A55A-16FD-43D2-A861-F98755ED19F5}.Debug|Mixed Platforms.Build.0 = Debug|Any CPU
		{1DB3A55A-16FD-43D2-A861-F98755ED19F5}.Debug|x86.ActiveCfg = Debug|Any CPU
		{1DB3A55A-16FD-43D2-A861-F98755ED19F5}.DVD-5|Any CPU.ActiveCfg = Debug|Any CPU
		{1DB3A55A-16FD-43D2-A861-F98755ED19F5}.DVD-5|Any CPU.Build.0 = Debug|Any CPU
		{1DB3A55A-16FD-43D2-A861-F98755ED19F5}.DVD-5|Mixed Platforms.ActiveCfg = Debug|Any CPU
		{1DB3A55A-16FD-43D2-A861-F98755ED19F5}.DVD-5|Mixed Platforms.Build.0 = Debug|Any CPU
		{1DB3A55A-16FD-43D2-A861-F98755ED19F5}.DVD-5|x86.ActiveCfg = Debug|Any CPU
		{1DB3A55A-16FD-43D2-A861-F98755ED19F5}.Release|Any CPU.ActiveCfg = Release|Any CPU
		{1DB3A55A-16FD-43D2-A861-F98755ED19F5}.Release|Any CPU.Build.0 = Release|Any CPU
		{1DB3A55A-16FD-43D2-A861-F98755ED19F5}.Release|Mixed Platforms.ActiveCfg = Release|Any CPU
		{1DB3A55A-16FD-43D2-A861-F98755ED19F5}.Release|Mixed Platforms.Build.0 = Release|Any CPU
		{1DB3A55A-16FD-43D2-A861-F98755ED19F5}.Release|x86.ActiveCfg = Release|Any CPU
		{1DB3A55A-16FD-43D2-A861-F98755ED19F5}.Release|x86.Build.0 = Release|Any CPU
		{1DB3A55A-16FD-43D2-A861-F98755ED19F5}.SingleImage|Any CPU.ActiveCfg = Release|Any CPU
		{1DB3A55A-16FD-43D2-A861-F98755ED19F5}.SingleImage|Any CPU.Build.0 = Release|Any CPU
		{1DB3A55A-16FD-43D2-A861-F98755ED19F5}.SingleImage|Mixed Platforms.ActiveCfg = Release|Any CPU
		{1DB3A55A-16FD-43D2-A861-F98755ED19F5}.SingleImage|Mixed Platforms.Build.0 = Release|Any CPU
		{1DB3A55A-16FD-43D2-A861-F98755ED19F5}.SingleImage|x86.ActiveCfg = Release|Any CPU
		{08A77141-80A5-4E63-8A0C-670E09E4EB48}.CD_ROM|Any CPU.ActiveCfg = Release|Any CPU
		{08A77141-80A5-4E63-8A0C-670E09E4EB48}.CD_ROM|Any CPU.Build.0 = Release|Any CPU
		{08A77141-80A5-4E63-8A0C-670E09E4EB48}.CD_ROM|Mixed Platforms.ActiveCfg = Release|Any CPU
		{08A77141-80A5-4E63-8A0C-670E09E4EB48}.CD_ROM|Mixed Platforms.Build.0 = Release|Any CPU
		{08A77141-80A5-4E63-8A0C-670E09E4EB48}.CD_ROM|x86.ActiveCfg = Release|Any CPU
		{08A77141-80A5-4E63-8A0C-670E09E4EB48}.Debug|Any CPU.ActiveCfg = Debug|Any CPU
		{08A77141-80A5-4E63-8A0C-670E09E4EB48}.Debug|Any CPU.Build.0 = Debug|Any CPU
		{08A77141-80A5-4E63-8A0C-670E09E4EB48}.Debug|Mixed Platforms.ActiveCfg = Debug|Any CPU
		{08A77141-80A5-4E63-8A0C-670E09E4EB48}.Debug|Mixed Platforms.Build.0 = Debug|Any CPU
		{08A77141-80A5-4E63-8A0C-670E09E4EB48}.Debug|x86.ActiveCfg = Debug|Any CPU
		{08A77141-80A5-4E63-8A0C-670E09E4EB48}.DVD-5|Any CPU.ActiveCfg = Debug|Any CPU
		{08A77141-80A5-4E63-8A0C-670E09E4EB48}.DVD-5|Any CPU.Build.0 = Debug|Any CPU
		{08A77141-80A5-4E63-8A0C-670E09E4EB48}.DVD-5|Mixed Platforms.ActiveCfg = Debug|Any CPU
		{08A77141-80A5-4E63-8A0C-670E09E4EB48}.DVD-5|Mixed Platforms.Build.0 = Debug|Any CPU
		{08A77141-80A5-4E63-8A0C-670E09E4EB48}.DVD-5|x86.ActiveCfg = Debug|Any CPU
		{08A77141-80A5-4E63-8A0C-670E09E4EB48}.Release|Any CPU.ActiveCfg = Release|Any CPU
		{08A77141-80A5-4E63-8A0C-670E09E4EB48}.Release|Any CPU.Build.0 = Release|Any CPU
		{08A77141-80A5-4E63-8A0C-670E09E4EB48}.Release|Mixed Platforms.ActiveCfg = Release|Any CPU
		{08A77141-80A5-4E63-8A0C-670E09E4EB48}.Release|Mixed Platforms.Build.0 = Release|Any CPU
		{08A77141-80A5-4E63-8A0C-670E09E4EB48}.Release|x86.ActiveCfg = Release|Any CPU
		{08A77141-80A5-4E63-8A0C-670E09E4EB48}.Release|x86.Build.0 = Release|Any CPU
		{08A77141-80A5-4E63-8A0C-670E09E4EB48}.SingleImage|Any CPU.ActiveCfg = Release|Any CPU
		{08A77141-80A5-4E63-8A0C-670E09E4EB48}.SingleImage|Any CPU.Build.0 = Release|Any CPU
		{08A77141-80A5-4E63-8A0C-670E09E4EB48}.SingleImage|Mixed Platforms.ActiveCfg = Release|Any CPU
		{08A77141-80A5-4E63-8A0C-670E09E4EB48}.SingleImage|Mixed Platforms.Build.0 = Release|Any CPU
		{08A77141-80A5-4E63-8A0C-670E09E4EB48}.SingleImage|x86.ActiveCfg = Release|Any CPU
		{254E48E5-10F0-4ABC-AE29-F69B7636539F}.CD_ROM|Any CPU.ActiveCfg = Release|Any CPU
		{254E48E5-10F0-4ABC-AE29-F69B7636539F}.CD_ROM|Any CPU.Build.0 = Release|Any CPU
		{254E48E5-10F0-4ABC-AE29-F69B7636539F}.CD_ROM|Mixed Platforms.ActiveCfg = Release|Any CPU
		{254E48E5-10F0-4ABC-AE29-F69B7636539F}.CD_ROM|Mixed Platforms.Build.0 = Release|Any CPU
		{254E48E5-10F0-4ABC-AE29-F69B7636539F}.CD_ROM|x86.ActiveCfg = Release|Any CPU
		{254E48E5-10F0-4ABC-AE29-F69B7636539F}.Debug|Any CPU.ActiveCfg = Debug|Any CPU
		{254E48E5-10F0-4ABC-AE29-F69B7636539F}.Debug|Any CPU.Build.0 = Debug|Any CPU
		{254E48E5-10F0-4ABC-AE29-F69B7636539F}.Debug|Mixed Platforms.ActiveCfg = Debug|Any CPU
		{254E48E5-10F0-4ABC-AE29-F69B7636539F}.Debug|Mixed Platforms.Build.0 = Debug|Any CPU
		{254E48E5-10F0-4ABC-AE29-F69B7636539F}.Debug|x86.ActiveCfg = Debug|Any CPU
		{254E48E5-10F0-4ABC-AE29-F69B7636539F}.DVD-5|Any CPU.ActiveCfg = Debug|Any CPU
		{254E48E5-10F0-4ABC-AE29-F69B7636539F}.DVD-5|Any CPU.Build.0 = Debug|Any CPU
		{254E48E5-10F0-4ABC-AE29-F69B7636539F}.DVD-5|Mixed Platforms.ActiveCfg = Debug|Any CPU
		{254E48E5-10F0-4ABC-AE29-F69B7636539F}.DVD-5|Mixed Platforms.Build.0 = Debug|Any CPU
		{254E48E5-10F0-4ABC-AE29-F69B7636539F}.DVD-5|x86.ActiveCfg = Debug|Any CPU
		{254E48E5-10F0-4ABC-AE29-F69B7636539F}.Release|Any CPU.ActiveCfg = Release|Any CPU
		{254E48E5-10F0-4ABC-AE29-F69B7636539F}.Release|Any CPU.Build.0 = Release|Any CPU
		{254E48E5-10F0-4ABC-AE29-F69B7636539F}.Release|Mixed Platforms.ActiveCfg = Release|Any CPU
		{254E48E5-10F0-4ABC-AE29-F69B7636539F}.Release|Mixed Platforms.Build.0 = Release|Any CPU
		{254E48E5-10F0-4ABC-AE29-F69B7636539F}.Release|x86.ActiveCfg = Release|Any CPU
		{254E48E5-10F0-4ABC-AE29-F69B7636539F}.Release|x86.Build.0 = Release|Any CPU
		{254E48E5-10F0-4ABC-AE29-F69B7636539F}.SingleImage|Any CPU.ActiveCfg = Release|Any CPU
		{254E48E5-10F0-4ABC-AE29-F69B7636539F}.SingleImage|Any CPU.Build.0 = Release|Any CPU
		{254E48E5-10F0-4ABC-AE29-F69B7636539F}.SingleImage|Mixed Platforms.ActiveCfg = Release|Any CPU
		{254E48E5-10F0-4ABC-AE29-F69B7636539F}.SingleImage|Mixed Platforms.Build.0 = Release|Any CPU
		{254E48E5-10F0-4ABC-AE29-F69B7636539F}.SingleImage|x86.ActiveCfg = Release|Any CPU
		{41C6A6CA-26A1-4E62-A2E5-FC56F26D8817}.CD_ROM|Any CPU.ActiveCfg = Release|Any CPU
		{41C6A6CA-26A1-4E62-A2E5-FC56F26D8817}.CD_ROM|Any CPU.Build.0 = Release|Any CPU
		{41C6A6CA-26A1-4E62-A2E5-FC56F26D8817}.CD_ROM|Mixed Platforms.ActiveCfg = Release|Any CPU
		{41C6A6CA-26A1-4E62-A2E5-FC56F26D8817}.CD_ROM|Mixed Platforms.Build.0 = Release|Any CPU
		{41C6A6CA-26A1-4E62-A2E5-FC56F26D8817}.CD_ROM|x86.ActiveCfg = Release|Any CPU
		{41C6A6CA-26A1-4E62-A2E5-FC56F26D8817}.Debug|Any CPU.ActiveCfg = Debug|Any CPU
		{41C6A6CA-26A1-4E62-A2E5-FC56F26D8817}.Debug|Any CPU.Build.0 = Debug|Any CPU
		{41C6A6CA-26A1-4E62-A2E5-FC56F26D8817}.Debug|Mixed Platforms.ActiveCfg = Debug|Any CPU
		{41C6A6CA-26A1-4E62-A2E5-FC56F26D8817}.Debug|Mixed Platforms.Build.0 = Debug|Any CPU
		{41C6A6CA-26A1-4E62-A2E5-FC56F26D8817}.Debug|x86.ActiveCfg = Debug|Any CPU
		{41C6A6CA-26A1-4E62-A2E5-FC56F26D8817}.DVD-5|Any CPU.ActiveCfg = Debug|Any CPU
		{41C6A6CA-26A1-4E62-A2E5-FC56F26D8817}.DVD-5|Any CPU.Build.0 = Debug|Any CPU
		{41C6A6CA-26A1-4E62-A2E5-FC56F26D8817}.DVD-5|Mixed Platforms.ActiveCfg = Debug|Any CPU
		{41C6A6CA-26A1-4E62-A2E5-FC56F26D8817}.DVD-5|Mixed Platforms.Build.0 = Debug|Any CPU
		{41C6A6CA-26A1-4E62-A2E5-FC56F26D8817}.DVD-5|x86.ActiveCfg = Debug|Any CPU
		{41C6A6CA-26A1-4E62-A2E5-FC56F26D8817}.Release|Any CPU.ActiveCfg = Release|Any CPU
		{41C6A6CA-26A1-4E62-A2E5-FC56F26D8817}.Release|Any CPU.Build.0 = Release|Any CPU
		{41C6A6CA-26A1-4E62-A2E5-FC56F26D8817}.Release|Mixed Platforms.ActiveCfg = Release|Any CPU
		{41C6A6CA-26A1-4E62-A2E5-FC56F26D8817}.Release|Mixed Platforms.Build.0 = Release|Any CPU
		{41C6A6CA-26A1-4E62-A2E5-FC56F26D8817}.Release|x86.ActiveCfg = Release|Any CPU
		{41C6A6CA-26A1-4E62-A2E5-FC56F26D8817}.SingleImage|Any CPU.ActiveCfg = Release|Any CPU
		{41C6A6CA-26A1-4E62-A2E5-FC56F26D8817}.SingleImage|Any CPU.Build.0 = Release|Any CPU
		{41C6A6CA-26A1-4E62-A2E5-FC56F26D8817}.SingleImage|Mixed Platforms.ActiveCfg = Release|Any CPU
		{41C6A6CA-26A1-4E62-A2E5-FC56F26D8817}.SingleImage|Mixed Platforms.Build.0 = Release|Any CPU
		{41C6A6CA-26A1-4E62-A2E5-FC56F26D8817}.SingleImage|x86.ActiveCfg = Release|Any CPU
		{56990134-5522-4516-9FB8-00F93AAB22C8}.CD_ROM|Any CPU.ActiveCfg = Release|Any CPU
		{56990134-5522-4516-9FB8-00F93AAB22C8}.CD_ROM|Any CPU.Build.0 = Release|Any CPU
		{56990134-5522-4516-9FB8-00F93AAB22C8}.CD_ROM|Mixed Platforms.ActiveCfg = Release|Any CPU
		{56990134-5522-4516-9FB8-00F93AAB22C8}.CD_ROM|Mixed Platforms.Build.0 = Release|Any CPU
		{56990134-5522-4516-9FB8-00F93AAB22C8}.CD_ROM|x86.ActiveCfg = Release|Any CPU
		{56990134-5522-4516-9FB8-00F93AAB22C8}.Debug|Any CPU.ActiveCfg = Debug|Any CPU
		{56990134-5522-4516-9FB8-00F93AAB22C8}.Debug|Any CPU.Build.0 = Debug|Any CPU
		{56990134-5522-4516-9FB8-00F93AAB22C8}.Debug|Mixed Platforms.ActiveCfg = Debug|Any CPU
		{56990134-5522-4516-9FB8-00F93AAB22C8}.Debug|Mixed Platforms.Build.0 = Debug|Any CPU
		{56990134-5522-4516-9FB8-00F93AAB22C8}.Debug|x86.ActiveCfg = Debug|Any CPU
		{56990134-5522-4516-9FB8-00F93AAB22C8}.DVD-5|Any CPU.ActiveCfg = Debug|Any CPU
		{56990134-5522-4516-9FB8-00F93AAB22C8}.DVD-5|Any CPU.Build.0 = Debug|Any CPU
		{56990134-5522-4516-9FB8-00F93AAB22C8}.DVD-5|Mixed Platforms.ActiveCfg = Debug|Any CPU
		{56990134-5522-4516-9FB8-00F93AAB22C8}.DVD-5|Mixed Platforms.Build.0 = Debug|Any CPU
		{56990134-5522-4516-9FB8-00F93AAB22C8}.DVD-5|x86.ActiveCfg = Debug|Any CPU
		{56990134-5522-4516-9FB8-00F93AAB22C8}.Release|Any CPU.ActiveCfg = Release|Any CPU
		{56990134-5522-4516-9FB8-00F93AAB22C8}.Release|Any CPU.Build.0 = Release|Any CPU
		{56990134-5522-4516-9FB8-00F93AAB22C8}.Release|Mixed Platforms.ActiveCfg = Release|Any CPU
		{56990134-5522-4516-9FB8-00F93AAB22C8}.Release|Mixed Platforms.Build.0 = Release|Any CPU
		{56990134-5522-4516-9FB8-00F93AAB22C8}.Release|x86.ActiveCfg = Release|Any CPU
		{56990134-5522-4516-9FB8-00F93AAB22C8}.SingleImage|Any CPU.ActiveCfg = Release|Any CPU
		{56990134-5522-4516-9FB8-00F93AAB22C8}.SingleImage|Any CPU.Build.0 = Release|Any CPU
		{56990134-5522-4516-9FB8-00F93AAB22C8}.SingleImage|Mixed Platforms.ActiveCfg = Release|Any CPU
		{56990134-5522-4516-9FB8-00F93AAB22C8}.SingleImage|Mixed Platforms.Build.0 = Release|Any CPU
		{56990134-5522-4516-9FB8-00F93AAB22C8}.SingleImage|x86.ActiveCfg = Release|Any CPU
		{D0D2EED4-F873-4790-994D-A1A2D74A5AB2}.CD_ROM|Any CPU.ActiveCfg = Release|Any CPU
		{D0D2EED4-F873-4790-994D-A1A2D74A5AB2}.CD_ROM|Any CPU.Build.0 = Release|Any CPU
		{D0D2EED4-F873-4790-994D-A1A2D74A5AB2}.CD_ROM|Mixed Platforms.ActiveCfg = Release|Any CPU
		{D0D2EED4-F873-4790-994D-A1A2D74A5AB2}.CD_ROM|Mixed Platforms.Build.0 = Release|Any CPU
		{D0D2EED4-F873-4790-994D-A1A2D74A5AB2}.CD_ROM|x86.ActiveCfg = Release|Any CPU
		{D0D2EED4-F873-4790-994D-A1A2D74A5AB2}.Debug|Any CPU.ActiveCfg = Debug|Any CPU
		{D0D2EED4-F873-4790-994D-A1A2D74A5AB2}.Debug|Any CPU.Build.0 = Debug|Any CPU
		{D0D2EED4-F873-4790-994D-A1A2D74A5AB2}.Debug|Mixed Platforms.ActiveCfg = Debug|Any CPU
		{D0D2EED4-F873-4790-994D-A1A2D74A5AB2}.Debug|Mixed Platforms.Build.0 = Debug|Any CPU
		{D0D2EED4-F873-4790-994D-A1A2D74A5AB2}.Debug|x86.ActiveCfg = Debug|Any CPU
		{D0D2EED4-F873-4790-994D-A1A2D74A5AB2}.DVD-5|Any CPU.ActiveCfg = Debug|Any CPU
		{D0D2EED4-F873-4790-994D-A1A2D74A5AB2}.DVD-5|Any CPU.Build.0 = Debug|Any CPU
		{D0D2EED4-F873-4790-994D-A1A2D74A5AB2}.DVD-5|Mixed Platforms.ActiveCfg = Debug|Any CPU
		{D0D2EED4-F873-4790-994D-A1A2D74A5AB2}.DVD-5|Mixed Platforms.Build.0 = Debug|Any CPU
		{D0D2EED4-F873-4790-994D-A1A2D74A5AB2}.DVD-5|x86.ActiveCfg = Debug|Any CPU
		{D0D2EED4-F873-4790-994D-A1A2D74A5AB2}.Release|Any CPU.ActiveCfg = Release|Any CPU
		{D0D2EED4-F873-4790-994D-A1A2D74A5AB2}.Release|Any CPU.Build.0 = Release|Any CPU
		{D0D2EED4-F873-4790-994D-A1A2D74A5AB2}.Release|Mixed Platforms.ActiveCfg = Release|Any CPU
		{D0D2EED4-F873-4790-994D-A1A2D74A5AB2}.Release|Mixed Platforms.Build.0 = Release|Any CPU
		{D0D2EED4-F873-4790-994D-A1A2D74A5AB2}.Release|x86.ActiveCfg = Release|Any CPU
		{D0D2EED4-F873-4790-994D-A1A2D74A5AB2}.SingleImage|Any CPU.ActiveCfg = Release|Any CPU
		{D0D2EED4-F873-4790-994D-A1A2D74A5AB2}.SingleImage|Any CPU.Build.0 = Release|Any CPU
		{D0D2EED4-F873-4790-994D-A1A2D74A5AB2}.SingleImage|Mixed Platforms.ActiveCfg = Release|Any CPU
		{D0D2EED4-F873-4790-994D-A1A2D74A5AB2}.SingleImage|Mixed Platforms.Build.0 = Release|Any CPU
		{D0D2EED4-F873-4790-994D-A1A2D74A5AB2}.SingleImage|x86.ActiveCfg = Release|Any CPU
	EndGlobalSection
	GlobalSection(SolutionProperties) = preSolution
		HideSolutionNode = FALSE
	EndGlobalSection
EndGlobal
